
Microsoft Visual Studio Solution File, Format Version 12.00
# Visual Studio Version 17
VisualStudioVersion = 17.7.34024.191
MinimumVisualStudioVersion = 10.0.40219.1
Project("{FAE04EC0-301F-11D3-BF4B-00C04F79EFBC}") = "Cora", "Cora.csproj", "{5965AE2D-FF71-4BFF-911E-4083CA2F64D4}"
EndProject
Global
	GlobalSection(SolutionConfigurationPlatforms) = preSolution
		Debug|Any CPU = Debug|Any CPU
		Release|Any CPU = Release|Any CPU
	EndGlobalSection
	GlobalSection(ProjectConfigurationPlatforms) = postSolution
		{5965AE2D-FF71-4BFF-911E-4083CA2F64D4}.Debug|Any CPU.ActiveCfg = Debug|Any CPU
		{5965AE2D-FF71-4BFF-911E-4083CA2F64D4}.Debug|Any CPU.Build.0 = Debug|Any CPU
		{5965AE2D-FF71-4BFF-911E-4083CA2F64D4}.Release|Any CPU.ActiveCfg = Release|Any CPU
		{5965AE2D-FF71-4BFF-911E-4083CA2F64D4}.Release|Any CPU.Build.0 = Release|Any CPU
	EndGlobalSection
	GlobalSection(SolutionProperties) = preSolution
		HideSolutionNode = FALSE
	EndGlobalSection
	GlobalSection(ExtensibilityGlobals) = postSolution
		SolutionGuid = {1ED54B5C-FBDC-45CA-A724-68D542B27C8E}
	EndGlobalSection
EndGlobal
